
Microsoft Visual Studio Solution File, Format Version 12.00
# Visual Studio Version 16
VisualStudioVersion = 16.0.30011.22
MinimumVisualStudioVersion = 10.0.40219.1
Project("{FAE04EC0-301F-11D3-BF4B-00C04F79EFBC}") = "DemoAppPrometheus", "DemoAppPrometheus.csproj", "{F9563D77-A971-4F0E-88FD-B6832A8368F9}"
EndProject
Global
	GlobalSection(SolutionConfigurationPlatforms) = preSolution
		Debug|Any CPU = Debug|Any CPU
		Release|Any CPU = Release|Any CPU
	EndGlobalSection
	GlobalSection(ProjectConfigurationPlatforms) = postSolution
		{F9563D77-A971-4F0E-88FD-B6832A8368F9}.Debug|Any CPU.ActiveCfg = Debug|Any CPU
		{F9563D77-A971-4F0E-88FD-B6832A8368F9}.Debug|Any CPU.Build.0 = Debug|Any CPU
		{F9563D77-A971-4F0E-88FD-B6832A8368F9}.Release|Any CPU.ActiveCfg = Release|Any CPU
		{F9563D77-A971-4F0E-88FD-B6832A8368F9}.Release|Any CPU.Build.0 = Release|Any CPU
	EndGlobalSection
	GlobalSection(SolutionProperties) = preSolution
		HideSolutionNode = FALSE
	EndGlobalSection
	GlobalSection(ExtensibilityGlobals) = postSolution
		SolutionGuid = {C4C2658A-5382-4D2C-A04B-350BBCEF38F3}
	EndGlobalSection
EndGlobal
